
Microsoft Visual Studio Solution File, Format Version 12.00
# Visual Studio Version 17
VisualStudioVersion = 17.8.34330.188
MinimumVisualStudioVersion = 10.0.40219.1
Project("{9A19103F-16F7-4668-BE54-9A1E7A4F7556}") = "GGL.Booking.Api", "src\GGL.Booking.Api\GGL.Booking.Api.csproj", "{6042EB0F-393C-4EAF-8E19-7F83202FF54C}"
EndProject
Project("{9A19103F-16F7-4668-BE54-9A1E7A4F7556}") = "GGL.OAuth.Api", "src\GGL.OAuth.Api\GGL.OAuth.Api.csproj", "{8BE140BE-1757-40D5-89E5-FB9CE25CE785}"
EndProject
Project("{9A19103F-16F7-4668-BE54-9A1E7A4F7556}") = "GGL.Gateway.Api", "src\GGL.Gateway.Api\GGL.Gateway.Api.csproj", "{51834938-DF84-4980-A74E-D5CD3842D854}"
EndProject
Project("{9A19103F-16F7-4668-BE54-9A1E7A4F7556}") = "GGL.Payment.Api", "src\GGL.Payment.Api\GGL.Payment.Api.csproj", "{CF6AFEE3-4AD0-4CF3-8CE5-A844C5EA4670}"
EndProject
Project("{9A19103F-16F7-4668-BE54-9A1E7A4F7556}") = "GGL.Services.Api", "src\GGL.Services.Api\GGL.Services.Api.csproj", "{914A5103-CFF1-43F5-B96A-01B7A9CA2107}"
EndProject
Project("{9A19103F-16F7-4668-BE54-9A1E7A4F7556}") = "GGL.Core.Api", "src\GGL.Core.Api\GGL.Core.Api.csproj", "{0D5ECD2F-DADC-43BE-94C1-FD02D5B0989F}"
EndProject
Global
	GlobalSection(SolutionConfigurationPlatforms) = preSolution
		Debug|Any CPU = Debug|Any CPU
		Release|Any CPU = Release|Any CPU
	EndGlobalSection
	GlobalSection(ProjectConfigurationPlatforms) = postSolution
		{6042EB0F-393C-4EAF-8E19-7F83202FF54C}.Debug|Any CPU.ActiveCfg = Debug|Any CPU
		{6042EB0F-393C-4EAF-8E19-7F83202FF54C}.Debug|Any CPU.Build.0 = Debug|Any CPU
		{6042EB0F-393C-4EAF-8E19-7F83202FF54C}.Release|Any CPU.ActiveCfg = Release|Any CPU
		{6042EB0F-393C-4EAF-8E19-7F83202FF54C}.Release|Any CPU.Build.0 = Release|Any CPU
		{8BE140BE-1757-40D5-89E5-FB9CE25CE785}.Debug|Any CPU.ActiveCfg = Debug|Any CPU
		{8BE140BE-1757-40D5-89E5-FB9CE25CE785}.Debug|Any CPU.Build.0 = Debug|Any CPU
		{8BE140BE-1757-40D5-89E5-FB9CE25CE785}.Release|Any CPU.ActiveCfg = Release|Any CPU
		{8BE140BE-1757-40D5-89E5-FB9CE25CE785}.Release|Any CPU.Build.0 = Release|Any CPU
		{51834938-DF84-4980-A74E-D5CD3842D854}.Debug|Any CPU.ActiveCfg = Debug|Any CPU
		{51834938-DF84-4980-A74E-D5CD3842D854}.Debug|Any CPU.Build.0 = Debug|Any CPU
		{51834938-DF84-4980-A74E-D5CD3842D854}.Release|Any CPU.ActiveCfg = Release|Any CPU
		{51834938-DF84-4980-A74E-D5CD3842D854}.Release|Any CPU.Build.0 = Release|Any CPU
		{CF6AFEE3-4AD0-4CF3-8CE5-A844C5EA4670}.Debug|Any CPU.ActiveCfg = Debug|Any CPU
		{CF6AFEE3-4AD0-4CF3-8CE5-A844C5EA4670}.Debug|Any CPU.Build.0 = Debug|Any CPU
		{CF6AFEE3-4AD0-4CF3-8CE5-A844C5EA4670}.Release|Any CPU.ActiveCfg = Release|Any CPU
		{CF6AFEE3-4AD0-4CF3-8CE5-A844C5EA4670}.Release|Any CPU.Build.0 = Release|Any CPU
		{914A5103-CFF1-43F5-B96A-01B7A9CA2107}.Debug|Any CPU.ActiveCfg = Debug|Any CPU
		{914A5103-CFF1-43F5-B96A-01B7A9CA2107}.Debug|Any CPU.Build.0 = Debug|Any CPU
		{914A5103-CFF1-43F5-B96A-01B7A9CA2107}.Release|Any CPU.ActiveCfg = Release|Any CPU
		{914A5103-CFF1-43F5-B96A-01B7A9CA2107}.Release|Any CPU.Build.0 = Release|Any CPU
		{0D5ECD2F-DADC-43BE-94C1-FD02D5B0989F}.Debug|Any CPU.ActiveCfg = Debug|Any CPU
		{0D5ECD2F-DADC-43BE-94C1-FD02D5B0989F}.Debug|Any CPU.Build.0 = Debug|Any CPU
		{0D5ECD2F-DADC-43BE-94C1-FD02D5B0989F}.Release|Any CPU.ActiveCfg = Release|Any CPU
		{0D5ECD2F-DADC-43BE-94C1-FD02D5B0989F}.Release|Any CPU.Build.0 = Release|Any CPU
	EndGlobalSection
	GlobalSection(SolutionProperties) = preSolution
		HideSolutionNode = FALSE
	EndGlobalSection
	GlobalSection(ExtensibilityGlobals) = postSolution
		SolutionGuid = {55FE3D3C-37BC-490A-AA12-15CE976E9E58}
	EndGlobalSection
EndGlobal
